Microsoft Visual Studio Solution File, Format Version 12.00
# Visual Studio 15
VisualStudioVersion = 15.0.28010.0
MinimumVisualStudioVersion = 10.0.40219.1
Project("{9A19103F-16F7-4668-BE54-9A1E7A4F7556}") = "poi", "web\poi.csproj", "{FEA59839-952C-41A1-A83A-CEB157623D18}"
EndProject
Project("{9A19103F-16F7-4668-BE54-9A1E7A4F7556}") = "IntegrationTests", "tests\IntegrationTests\IntegrationTests.csproj", "{4E03C130-2172-4F01-B408-5FD428E030F5}"
EndProject
Project("{9A19103F-16F7-4668-BE54-9A1E7A4F7556}") = "UnitTests", "tests\UnitTests\UnitTests.csproj", "{A94A418E-6464-421F-8B33-B2C7F95049B3}"
EndProject
Global
	GlobalSection(SolutionConfigurationPlatforms) = preSolution
		Debug|Any CPU = Debug|Any CPU
		Debug|x64 = Debug|x64
		Debug|x86 = Debug|x86
		Release|Any CPU = Release|Any CPU
		Release|x64 = Release|x64
		Release|x86 = Release|x86
	EndGlobalSection
	GlobalSection(ProjectConfigurationPlatforms) = postSolution
		{FEA59839-952C-41A1-A83A-CEB157623D18}.Debug|Any CPU.ActiveCfg = Debug|Any CPU
		{FEA59839-952C-41A1-A83A-CEB157623D18}.Debug|Any CPU.Build.0 = Debug|Any CPU
		{FEA59839-952C-41A1-A83A-CEB157623D18}.Debug|x64.ActiveCfg = Debug|Any CPU
		{FEA59839-952C-41A1-A83A-CEB157623D18}.Debug|x64.Build.0 = Debug|Any CPU
		{FEA59839-952C-41A1-A83A-CEB157623D18}.Debug|x86.ActiveCfg = Debug|Any CPU
		{FEA59839-952C-41A1-A83A-CEB157623D18}.Debug|x86.Build.0 = Debug|Any CPU
		{FEA59839-952C-41A1-A83A-CEB157623D18}.Release|Any CPU.ActiveCfg = Release|Any CPU
		{FEA59839-952C-41A1-A83A-CEB157623D18}.Release|Any CPU.Build.0 = Release|Any CPU
		{FEA59839-952C-41A1-A83A-CEB157623D18}.Release|x64.ActiveCfg = Release|Any CPU
		{FEA59839-952C-41A1-A83A-CEB157623D18}.Release|x64.Build.0 = Release|Any CPU
		{FEA59839-952C-41A1-A83A-CEB157623D18}.Release|x86.ActiveCfg = Release|Any CPU
		{FEA59839-952C-41A1-A83A-CEB157623D18}.Release|x86.Build.0 = Release|Any CPU
		{4E03C130-2172-4F01-B408-5FD428E030F5}.Debug|Any CPU.ActiveCfg = Debug|Any CPU
		{4E03C130-2172-4F01-B408-5FD428E030F5}.Debug|Any CPU.Build.0 = Debug|Any CPU
		{4E03C130-2172-4F01-B408-5FD428E030F5}.Debug|x64.ActiveCfg = Debug|Any CPU
		{4E03C130-2172-4F01-B408-5FD428E030F5}.Debug|x64.Build.0 = Debug|Any CPU
		{4E03C130-2172-4F01-B408-5FD428E030F5}.Debug|x86.ActiveCfg = Debug|Any CPU
		{4E03C130-2172-4F01-B408-5FD428E030F5}.Debug|x86.Build.0 = Debug|Any CPU
		{4E03C130-2172-4F01-B408-5FD428E030F5}.Release|Any CPU.ActiveCfg = Release|Any CPU
		{4E03C130-2172-4F01-B408-5FD428E030F5}.Release|Any CPU.Build.0 = Release|Any CPU
		{4E03C130-2172-4F01-B408-5FD428E030F5}.Release|x64.ActiveCfg = Release|Any CPU
		{4E03C130-2172-4F01-B408-5FD428E030F5}.Release|x64.Build.0 = Release|Any CPU
		{4E03C130-2172-4F01-B408-5FD428E030F5}.Release|x86.ActiveCfg = Release|Any CPU
		{4E03C130-2172-4F01-B408-5FD428E030F5}.Release|x86.Build.0 = Release|Any CPU
		{A94A418E-6464-421F-8B33-B2C7F95049B3}.Debug|Any CPU.ActiveCfg = Debug|Any CPU
		{A94A418E-6464-421F-8B33-B2C7F95049B3}.Debug|Any CPU.Build.0 = Debug|Any CPU
		{A94A418E-6464-421F-8B33-B2C7F95049B3}.Debug|x64.ActiveCfg = Debug|Any CPU
		{A94A418E-6464-421F-8B33-B2C7F95049B3}.Debug|x64.Build.0 = Debug|Any CPU
		{A94A418E-6464-421F-8B33-B2C7F95049B3}.Debug|x86.ActiveCfg = Debug|Any CPU
		{A94A418E-6464-421F-8B33-B2C7F95049B3}.Debug|x86.Build.0 = Debug|Any CPU
		{A94A418E-6464-421F-8B33-B2C7F95049B3}.Release|Any CPU.ActiveCfg = Release|Any CPU
		{A94A418E-6464-421F-8B33-B2C7F95049B3}.Release|Any CPU.Build.0 = Release|Any CPU
		{A94A418E-6464-421F-8B33-B2C7F95049B3}.Release|x64.ActiveCfg = Release|Any CPU
		{A94A418E-6464-421F-8B33-B2C7F95049B3}.Release|x64.Build.0 = Release|Any CPU
		{A94A418E-6464-421F-8B33-B2C7F95049B3}.Release|x86.ActiveCfg = Release|Any CPU
		{A94A418E-6464-421F-8B33-B2C7F95049B3}.Release|x86.Build.0 = Release|Any CPU
	EndGlobalSection
	GlobalSection(SolutionProperties) = preSolution
		HideSolutionNode = FALSE
	EndGlobalSection
	GlobalSection(ExtensibilityGlobals) = postSolution
		SolutionGuid = {A7080A3F-644D-4630-B36A-6D9F94F341D0}
	EndGlobalSection
EndGlobal
